// !$*UTF8*$!
{
	archiveVersion = 1;
	classes = {
	};
	objectVersion = 46;
	objects = {

/* Begin PBXBuildFile section */
		FA437B7614045B5C00CD43EF /* TextEditField.png in Resources */ = {isa = PBXBuildFile; fileRef = FA437B7514045B5C00CD43EF /* TextEditField.png */; };
		FA437B7D14046EBC00CD43EF /* Bet.m in Sources */ = {isa = PBXBuildFile; fileRef = FA437B7C14046EBC00CD43EF /* Bet.m */; };
		FA45BA211401E66E00C02A78 /* UIKit.framework in Frameworks */ = {isa = PBXBuildFile; fileRef = FA45BA201401E66E00C02A78 /* UIKit.framework */; };
		FA45BA231401E66E00C02A78 /* Foundation.framework in Frameworks */ = {isa = PBXBuildFile; fileRef = FA45BA221401E66E00C02A78 /* Foundation.framework */; };
		FA45BA251401E66E00C02A78 /* CoreData.framework in Frameworks */ = {isa = PBXBuildFile; fileRef = FA45BA241401E66E00C02A78 /* CoreData.framework */; };
		FA45BA2B1401E66E00C02A78 /* InfoPlist.strings in Resources */ = {isa = PBXBuildFile; fileRef = FA45BA291401E66E00C02A78 /* InfoPlist.strings */; };
		FA45BA2D1401E66E00C02A78 /* main.m in Sources */ = {isa = PBXBuildFile; fileRef = FA45BA2C1401E66E00C02A78 /* main.m */; };
		FA45BA311401E66E00C02A78 /* AppDelegate.m in Sources */ = {isa = PBXBuildFile; fileRef = FA45BA301401E66E00C02A78 /* AppDelegate.m */; };
		FA45BA341401E66E00C02A78 /* DollarBets.xcdatamodeld in Sources */ = {isa = PBXBuildFile; fileRef = FA45BA321401E66E00C02A78 /* DollarBets.xcdatamodeld */; };
		FA45BA411401E6C900C02A78 /* MainViewController.m in Sources */ = {isa = PBXBuildFile; fileRef = FA45BA3F1401E6C900C02A78 /* MainViewController.m */; };
		FA45BA421401E6C900C02A78 /* MainViewController.xib in Resources */ = {isa = PBXBuildFile; fileRef = FA45BA401401E6C900C02A78 /* MainViewController.xib */; };
		FA45BA441401E91E00C02A78 /* pattern8.png in Resources */ = {isa = PBXBuildFile; fileRef = FA45BA431401E91E00C02A78 /* pattern8.png */; };
		FA45BA461402A2EC00C02A78 /* BookCoverFull.png in Resources */ = {isa = PBXBuildFile; fileRef = FA45BA451402A2EC00C02A78 /* BookCoverFull.png */; };
		FA6ADA351402A9FF007E6CB1 /* BookViewController.m in Sources */ = {isa = PBXBuildFile; fileRef = FA6ADA331402A9FF007E6CB1 /* BookViewController.m */; };
		FA6ADA361402A9FF007E6CB1 /* BookViewController.xib in Resources */ = {isa = PBXBuildFile; fileRef = FA6ADA341402A9FF007E6CB1 /* BookViewController.xib */; };
		FA6ADA381402AA99007E6CB1 /* bookCover1.png in Resources */ = {isa = PBXBuildFile; fileRef = FA6ADA371402AA99007E6CB1 /* bookCover1.png */; };
		FA6ADA3A1402B023007E6CB1 /* plusSign.png in Resources */ = {isa = PBXBuildFile; fileRef = FA6ADA391402B023007E6CB1 /* plusSign.png */; };
		FA6ADA401402BF8E007E6CB1 /* CoreGraphics.framework in Frameworks */ = {isa = PBXBuildFile; fileRef = FA6ADA3F1402BF8E007E6CB1 /* CoreGraphics.framework */; };
		FAB9D59014047943000F4FC0 /* Opponent.m in Sources */ = {isa = PBXBuildFile; fileRef = FAB9D58F14047943000F4FC0 /* Opponent.m */; };
/* End PBXBuildFile section */

/* Begin PBXFileReference section */
		FA437B7514045B5C00CD43EF /* TextEditField.png */ = {isa = PBXFileReference; lastKnownFileType = image.png; path = TextEditField.png; sourceTree = "<group>"; };
		FA437B7B14046EBC00CD43EF /* Bet.h */ = {isa = PBXFileReference; fileEncoding = 4; lastKnownFileType = sourcecode.c.h; path = Bet.h; sourceTree = "<group>"; };
		FA437B7C14046EBC00CD43EF /* Bet.m */ = {isa = PBXFileReference; fileEncoding = 4; lastKnownFileType = sourcecode.c.objc; path = Bet.m; sourceTree = "<group>"; };
		FA45BA1C1401E66E00C02A78 /* DollarBets.app */ = {isa = PBXFileReference; explicitFileType = wrapper.application; includeInIndex = 0; path = DollarBets.app; sourceTree = BUILT_PRODUCTS_DIR; };
		FA45BA201401E66E00C02A78 /* UIKit.framework */ = {isa = PBXFileReference; lastKnownFileType = wrapper.framework; name = UIKit.framework; path = System/Library/Frameworks/UIKit.framework; sourceTree = SDKROOT; };
		FA45BA221401E66E00C02A78 /* Foundation.framework */ = {isa = PBXFileReference; lastKnownFileType = wrapper.framework; name = Foundation.framework; path = System/Library/Frameworks/Foundation.framework; sourceTree = SDKROOT; };
		FA45BA241401E66E00C02A78 /* CoreData.framework */ = {isa = PBXFileReference; lastKnownFileType = wrapper.framework; name = CoreData.framework; path = System/Library/Frameworks/CoreData.framework; sourceTree = SDKROOT; };
		FA45BA281401E66E00C02A78 /* DollarBets-Info.plist */ = {isa = PBXFileReference; lastKnownFileType = text.plist.xml; path = "DollarBets-Info.plist"; sourceTree = "<group>"; };
		FA45BA2A1401E66E00C02A78 /* en */ = {isa = PBXFileReference; lastKnownFileType = text.plist.strings; name = en; path = en.lproj/InfoPlist.strings; sourceTree = "<group>"; };
		FA45BA2C1401E66E00C02A78 /* main.m */ = {isa = PBXFileReference; lastKnownFileType = sourcecode.c.objc; path = main.m; sourceTree = "<group>"; };
		FA45BA2E1401E66E00C02A78 /* DollarBets-Prefix.pch */ = {isa = PBXFileReference; lastKnownFileType = sourcecode.c.h; path = "DollarBets-Prefix.pch"; sourceTree = "<group>"; };
		FA45BA2F1401E66E00C02A78 /* AppDelegate.h */ = {isa = PBXFileReference; lastKnownFileType = sourcecode.c.h; path = AppDelegate.h; sourceTree = "<group>"; };
		FA45BA301401E66E00C02A78 /* AppDelegate.m */ = {isa = PBXFileReference; lastKnownFileType = sourcecode.c.objc; path = AppDelegate.m; sourceTree = "<group>"; };
		FA45BA331401E66E00C02A78 /* DollarBets.xcdatamodel */ = {isa = PBXFileReference; lastKnownFileType = wrapper.xcdatamodel; path = DollarBets.xcdatamodel; sourceTree = "<group>"; };
		FA45BA3E1401E6C900C02A78 /* MainViewController.h */ = {isa = PBXFileReference; fileEncoding = 4; lastKnownFileType = sourcecode.c.h; path = MainViewController.h; sourceTree = "<group>"; };
		FA45BA3F1401E6C900C02A78 /* MainViewController.m */ = {isa = PBXFileReference; fileEncoding = 4; lastKnownFileType = sourcecode.c.objc; path = MainViewController.m; sourceTree = "<group>"; };
		FA45BA401401E6C900C02A78 /* MainViewController.xib */ = {isa = PBXFileReference; fileEncoding = 4; lastKnownFileType = file.xib; path = MainViewController.xib; sourceTree = "<group>"; };
		FA45BA431401E91E00C02A78 /* pattern8.png */ = {isa = PBXFileReference; lastKnownFileType = image.png; path = pattern8.png; sourceTree = "<group>"; };
		FA45BA451402A2EC00C02A78 /* BookCoverFull.png */ = {isa = PBXFileReference; lastKnownFileType = image.png; path = BookCoverFull.png; sourceTree = "<group>"; };
		FA6ADA321402A9FF007E6CB1 /* BookViewController.h */ = {isa = PBXFileReference; fileEncoding = 4; lastKnownFileType = sourcecode.c.h; path = BookViewController.h; sourceTree = "<group>"; };
		FA6ADA331402A9FF007E6CB1 /* BookViewController.m */ = {isa = PBXFileReference; fileEncoding = 4; lastKnownFileType = sourcecode.c.objc; path = BookViewController.m; sourceTree = "<group>"; };
		FA6ADA341402A9FF007E6CB1 /* BookViewController.xib */ = {isa = PBXFileReference; fileEncoding = 4; lastKnownFileType = file.xib; path = BookViewController.xib; sourceTree = "<group>"; };
		FA6ADA371402AA99007E6CB1 /* bookCover1.png */ = {isa = PBXFileReference; lastKnownFileType = image.png; path = bookCover1.png; sourceTree = "<group>"; };
		FA6ADA391402B023007E6CB1 /* plusSign.png */ = {isa = PBXFileReference; lastKnownFileType = image.png; path = plusSign.png; sourceTree = "<group>"; };
		FA6ADA3F1402BF8E007E6CB1 /* CoreGraphics.framework */ = {isa = PBXFileReference; lastKnownFileType = wrapper.framework; name = CoreGraphics.framework; path = System/Library/Frameworks/CoreGraphics.framework; sourceTree = SDKROOT; };
		FAB9D58E14047943000F4FC0 /* Opponent.h */ = {isa = PBXFileReference; fileEncoding = 4; lastKnownFileType = sourcecode.c.h; path = Opponent.h; sourceTree = "<group>"; };
		FAB9D58F14047943000F4FC0 /* Opponent.m */ = {isa = PBXFileReference; fileEncoding = 4; lastKnownFileType = sourcecode.c.objc; path = Opponent.m; sourceTree = "<group>"; };
/* End PBXFileReference section */

/* Begin PBXFrameworksBuildPhase section */
		FA45BA191401E66E00C02A78 /* Frameworks */ = {
			isa = PBXFrameworksBuildPhase;
			buildActionMask = 2147483647;
			files = (
				FA6ADA401402BF8E007E6CB1 /* CoreGraphics.framework in Frameworks */,
				FA45BA211401E66E00C02A78 /* UIKit.framework in Frameworks */,
				FA45BA231401E66E00C02A78 /* Foundation.framework in Frameworks */,
				FA45BA251401E66E00C02A78 /* CoreData.framework in Frameworks */,
			);
			runOnlyForDeploymentPostprocessing = 0;
		};
/* End PBXFrameworksBuildPhase section */

/* Begin PBXGroup section */
		FA437B8114046ED200CD43EF /* Managed Objects */ = {
			isa = PBXGroup;
			children = (
				FAB9D58E14047943000F4FC0 /* Opponent.h */,
				FAB9D58F14047943000F4FC0 /* Opponent.m */,
				FA437B7B14046EBC00CD43EF /* Bet.h */,
				FA437B7C14046EBC00CD43EF /* Bet.m */,
			);
			name = "Managed Objects";
			sourceTree = "<group>";
		};
		FA45BA111401E66E00C02A78 = {
			isa = PBXGroup;
			children = (
				FA45BA261401E66E00C02A78 /* DollarBets */,
				FA45BA1F1401E66E00C02A78 /* Frameworks */,
				FA45BA1D1401E66E00C02A78 /* Products */,
			);
			sourceTree = "<group>";
		};
		FA45BA1D1401E66E00C02A78 /* Products */ = {
			isa = PBXGroup;
			children = (
				FA45BA1C1401E66E00C02A78 /* DollarBets.app */,
			);
			name = Products;
			sourceTree = "<group>";
		};
		FA45BA1F1401E66E00C02A78 /* Frameworks */ = {
			isa = PBXGroup;
			children = (
				FA6ADA3F1402BF8E007E6CB1 /* CoreGraphics.framework */,
				FA45BA201401E66E00C02A78 /* UIKit.framework */,
				FA45BA221401E66E00C02A78 /* Foundation.framework */,
				FA45BA241401E66E00C02A78 /* CoreData.framework */,
			);
			name = Frameworks;
			sourceTree = "<group>";
		};
		FA45BA261401E66E00C02A78 /* DollarBets */ = {
			isa = PBXGroup;
			children = (
				FA437B8114046ED200CD43EF /* Managed Objects */,
				FA6ADA2B1402A983007E6CB1 /* MainScreen */,
				FA45BA2F1401E66E00C02A78 /* AppDelegate.h */,
				FA45BA301401E66E00C02A78 /* AppDelegate.m */,
				FA45BA271401E66E00C02A78 /* Supporting Files */,
			);
			path = DollarBets;
			sourceTree = "<group>";
		};
		FA45BA271401E66E00C02A78 /* Supporting Files */ = {
			isa = PBXGroup;
			children = (
				FA437B7514045B5C00CD43EF /* TextEditField.png */,
				FA6ADA391402B023007E6CB1 /* plusSign.png */,
				FA6ADA371402AA99007E6CB1 /* bookCover1.png */,
				FA45BA451402A2EC00C02A78 /* BookCoverFull.png */,
				FA45BA431401E91E00C02A78 /* pattern8.png */,
				FA45BA321401E66E00C02A78 /* DollarBets.xcdatamodeld */,
				FA45BA281401E66E00C02A78 /* DollarBets-Info.plist */,
				FA45BA291401E66E00C02A78 /* InfoPlist.strings */,
				FA45BA2C1401E66E00C02A78 /* main.m */,
				FA45BA2E1401E66E00C02A78 /* DollarBets-Prefix.pch */,
			);
			name = "Supporting Files";
			sourceTree = "<group>";
		};
		FA6ADA2B1402A983007E6CB1 /* MainScreen */ = {
			isa = PBXGroup;
			children = (
				FA45BA3E1401E6C900C02A78 /* MainViewController.h */,
				FA45BA3F1401E6C900C02A78 /* MainViewController.m */,
				FA45BA401401E6C900C02A78 /* MainViewController.xib */,
				FA6ADA321402A9FF007E6CB1 /* BookViewController.h */,
				FA6ADA331402A9FF007E6CB1 /* BookViewController.m */,
				FA6ADA341402A9FF007E6CB1 /* BookViewController.xib */,
			);
			name = MainScreen;
			sourceTree = "<group>";
		};
/* End PBXGroup section */

/* Begin PBXNativeTarget section */
		FA45BA1B1401E66E00C02A78 /* DollarBets */ = {
			isa = PBXNativeTarget;
			buildConfigurationList = FA45BA371401E66E00C02A78 /* Build configuration list for PBXNativeTarget "DollarBets" */;
			buildPhases = (
				FA45BA181401E66E00C02A78 /* Sources */,
				FA45BA191401E66E00C02A78 /* Frameworks */,
				FA45BA1A1401E66E00C02A78 /* Resources */,
			);
			buildRules = (
			);
			dependencies = (
			);
			name = DollarBets;
			productName = DollarBets;
			productReference = FA45BA1C1401E66E00C02A78 /* DollarBets.app */;
			productType = "com.apple.product-type.application";
		};
/* End PBXNativeTarget section */

/* Begin PBXProject section */
		FA45BA131401E66E00C02A78 /* Project object */ = {
			isa = PBXProject;
			attributes = {
				LastUpgradeCheck = 0420;
				ORGANIZATIONNAME = Home;
			};
			buildConfigurationList = FA45BA161401E66E00C02A78 /* Build configuration list for PBXProject "DollarBets" */;
			compatibilityVersion = "Xcode 3.2";
			developmentRegion = English;
			hasScannedForEncodings = 0;
			knownRegions = (
				en,
			);
			mainGroup = FA45BA111401E66E00C02A78;
			productRefGroup = FA45BA1D1401E66E00C02A78 /* Products */;
			projectDirPath = "";
			projectRoot = "";
			targets = (
				FA45BA1B1401E66E00C02A78 /* DollarBets */,
			);
		};
/* End PBXProject section */

/* Begin PBXResourcesBuildPhase section */
		FA45BA1A1401E66E00C02A78 /* Resources */ = {
			isa = PBXResourcesBuildPhase;
			buildActionMask = 2147483647;
			files = (
				FA45BA2B1401E66E00C02A78 /* InfoPlist.strings in Resources */,
				FA45BA421401E6C900C02A78 /* MainViewController.xib in Resources */,
				FA45BA441401E91E00C02A78 /* pattern8.png in Resources */,
				FA45BA461402A2EC00C02A78 /* BookCoverFull.png in Resources */,
				FA6ADA361402A9FF007E6CB1 /* BookViewController.xib in Resources */,
				FA6ADA381402AA99007E6CB1 /* bookCover1.png in Resources */,
				FA6ADA3A1402B023007E6CB1 /* plusSign.png in Resources */,
				FA437B7614045B5C00CD43EF /* TextEditField.png in Resources */,
			);
			runOnlyForDeploymentPostprocessing = 0;
		};
/* End PBXResourcesBuildPhase section */

/* Begin PBXSourcesBuildPhase section */
		FA45BA181401E66E00C02A78 /* Sources */ = {
			isa = PBXSourcesBuildPhase;
			buildActionMask = 2147483647;
			files = (
				FA45BA2D1401E66E00C02A78 /* main.m in Sources */,
				FA45BA311401E66E00C02A78 /* AppDelegate.m in Sources */,
				FA45BA341401E66E00C02A78 /* DollarBets.xcdatamodeld in Sources */,
				FA45BA411401E6C900C02A78 /* MainViewController.m in Sources */,
				FA6ADA351402A9FF007E6CB1 /* BookViewController.m in Sources */,
				FA437B7D14046EBC00CD43EF /* Bet.m in Sources */,
				FAB9D59014047943000F4FC0 /* Opponent.m in Sources */,
			);
			runOnlyForDeploymentPostprocessing = 0;
		};
/* End PBXSourcesBuildPhase section */

/* Begin PBXVariantGroup section */
		FA45BA291401E66E00C02A78 /* InfoPlist.strings */ = {
			isa = PBXVariantGroup;
			children = (
				FA45BA2A1401E66E00C02A78 /* en */,
			);
			name = InfoPlist.strings;
			sourceTree = "<group>";
		};
/* End PBXVariantGroup section */

/* Begin XCBuildConfiguration section */
		FA45BA351401E66E00C02A78 /* Debug */ = {
			isa = XCBuildConfiguration;
			buildSettings = {
				ALWAYS_SEARCH_USER_PATHS = NO;
				ARCHS = "$(ARCHS_STANDARD_32_BIT)";
				CLANG_ENABLE_OBJC_ARC = YES;
				"CODE_SIGN_IDENTITY[sdk=iphoneos*]" = "iPhone Developer";
				COPY_PHASE_STRIP = NO;
				GCC_C_LANGUAGE_STANDARD = gnu99;
				GCC_DYNAMIC_NO_PIC = NO;
				GCC_OPTIMIZATION_LEVEL = 0;
				GCC_PREPROCESSOR_DEFINITIONS = (
					"DEBUG=1",
					"$(inherited)",
				);
				GCC_SYMBOLS_PRIVATE_EXTERN = NO;
				GCC_VERSION = com.apple.compilers.llvm.clang.1_0;
				GCC_WARN_ABOUT_MISSING_PROTOTYPES = YES;
				GCC_WARN_ABOUT_RETURN_TYPE = YES;
				GCC_WARN_UNUSED_VARIABLE = YES;
				IPHONEOS_DEPLOYMENT_TARGET = 5.0;
				SDKROOT = iphoneos;
				TARGETED_DEVICE_FAMILY = "1,2";
			};
			name = Debug;
		};
		FA45BA361401E66E00C02A78 /* Release */ = {
			isa = XCBuildConfiguration;
			buildSettings = {
				ALWAYS_SEARCH_USER_PATHS = NO;
				ARCHS = "$(ARCHS_STANDARD_32_BIT)";
				CLANG_ENABLE_OBJC_ARC = YES;
				"CODE_SIGN_IDENTITY[sdk=iphoneos*]" = "iPhone Developer";
				COPY_PHASE_STRIP = YES;
				GCC_C_LANGUAGE_STANDARD = gnu99;
				GCC_VERSION = com.apple.compilers.llvm.clang.1_0;
				GCC_WARN_ABOUT_MISSING_PROTOTYPES = YES;
				GCC_WARN_ABOUT_RETURN_TYPE = YES;
				GCC_WARN_UNUSED_VARIABLE = YES;
				IPHONEOS_DEPLOYMENT_TARGET = 5.0;
				OTHER_CFLAGS = "-DNS_BLOCK_ASSERTIONS=1";
				SDKROOT = iphoneos;
				TARGETED_DEVICE_FAMILY = "1,2";
				VALIDATE_PRODUCT = YES;
			};
			name = Release;
		};
		FA45BA381401E66E00C02A78 /* Debug */ = {
			isa = XCBuildConfiguration;
			buildSettings = {
				GCC_PRECOMPILE_PREFIX_HEADER = YES;
				GCC_PREFIX_HEADER = "DollarBets/DollarBets-Prefix.pch";
				INFOPLIST_FILE = "DollarBets/DollarBets-Info.plist";
				PRODUCT_NAME = "$(TARGET_NAME)";
				WRAPPER_EXTENSION = app;
			};
			name = Debug;
		};
		FA45BA391401E66E00C02A78 /* Release */ = {
			isa = XCBuildConfiguration;
			buildSettings = {
				GCC_PRECOMPILE_PREFIX_HEADER = YES;
				GCC_PREFIX_HEADER = "DollarBets/DollarBets-Prefix.pch";
				INFOPLIST_FILE = "DollarBets/DollarBets-Info.plist";
				PRODUCT_NAME = "$(TARGET_NAME)";
				WRAPPER_EXTENSION = app;
			};
			name = Release;
		};
/* End XCBuildConfiguration section */

/* Begin XCConfigurationList section */
		FA45BA161401E66E00C02A78 /* Build configuration list for PBXProject "DollarBets" */ = {
			isa = XCConfigurationList;
			buildConfigurations = (
				FA45BA351401E66E00C02A78 /* Debug */,
				FA45BA361401E66E00C02A78 /* Release */,
			);
			defaultConfigurationIsVisible = 0;
			defaultConfigurationName = Release;
		};
		FA45BA371401E66E00C02A78 /* Build configuration list for PBXNativeTarget "DollarBets" */ = {
			isa = XCConfigurationList;
			buildConfigurations = (
				FA45BA381401E66E00C02A78 /* Debug */,
				FA45BA391401E66E00C02A78 /* Release */,
			);
			defaultConfigurationIsVisible = 0;
			defaultConfigurationName = Release;
		};
/* End XCConfigurationList section */

/* Begin XCVersionGroup section */
		FA45BA321401E66E00C02A78 /* DollarBets.xcdatamodeld */ = {
			isa = XCVersionGroup;
			children = (
				FA45BA331401E66E00C02A78 /* DollarBets.xcdatamodel */,
			);
			currentVersion = FA45BA331401E66E00C02A78 /* DollarBets.xcdatamodel */;
			path = DollarBets.xcdatamodeld;
			sourceTree = "<group>";
			versionGroupType = wrapper.xcdatamodel;
		};
/* End XCVersionGroup section */
	};
	rootObject = FA45BA131401E66E00C02A78 /* Project object */;
}
